
Microsoft Visual Studio Solution File, Format Version 12.00
# Visual Studio Version 16
VisualStudioVersion = 16.0.33529.622
MinimumVisualStudioVersion = 10.0.40219.1
Project("{FAE04EC0-301F-11D3-BF4B-00C04F79EFBC}") = "ConsoleAppCSHARP", "ConsoleAppCSHARP.csproj", "{460574BE-659B-411A-A06A-0BD4587E2B66}"
EndProject
Global
	GlobalSection(SolutionConfigurationPlatforms) = preSolution
		Debug|Any CPU = Debug|Any CPU
		Release|Any CPU = Release|Any CPU
	EndGlobalSection
	GlobalSection(ProjectConfigurationPlatforms) = postSolution
		{460574BE-659B-411A-A06A-0BD4587E2B66}.Debug|Any CPU.ActiveCfg = Debug|Any CPU
		{460574BE-659B-411A-A06A-0BD4587E2B66}.Debug|Any CPU.Build.0 = Debug|Any CPU
		{460574BE-659B-411A-A06A-0BD4587E2B66}.Release|Any CPU.ActiveCfg = Release|Any CPU
		{460574BE-659B-411A-A06A-0BD4587E2B66}.Release|Any CPU.Build.0 = Release|Any CPU
	EndGlobalSection
	GlobalSection(SolutionProperties) = preSolution
		HideSolutionNode = FALSE
	EndGlobalSection
	GlobalSection(ExtensibilityGlobals) = postSolution
		SolutionGuid = {B645A189-22E8-4E51-94E0-3BD9E33EEF51}
	EndGlobalSection
EndGlobal
